schema: '2.0'
stages:
  main:
    cmd: poetry run python dvc_simple//main.py
    deps:
    - path: dvc_simple//deep/dep.py
      hash: md5
      md5: 48d85cac962e5cdeb85b07312cd23c51
      size: 17
    - path: dvc_simple//main.py
      hash: md5
      md5: 0ffdf8f5d0133cd35d149f6b61815a89
      size: 52
