schema: '2.0'
stages:
  main:
    cmd: poetry run python dvc_simple//main.py
    deps:
    - path: dvc_simple//deep/dep.py
      hash: md5
      md5: 48d85cac962e5cdeb85b07312cd23c51
      size: 17
    - path: dvc_simple//main.py
      hash: md5
      md5: bd2267520658efd4e0fdbe758ed51e93
      size: 41
